// !$*UTF8*$!
{
	archiveVersion = 1;
	classes = {
	};
	objectVersion = 46;
	objects = {

/* Begin PBXBuildFile section */
		94D798B81EC1D753004067A2 /* AppDelegate.swift in Sources */ = {isa = PBXBuildFile; fileRef = 94D798B71EC1D753004067A2 /* AppDelegate.swift */; };
		94D798BA1EC1D753004067A2 /* ViewController.swift in Sources */ = {isa = PBXBuildFile; fileRef = 94D798B91EC1D753004067A2 /* ViewController.swift */; };
		94D798BD1EC1D753004067A2 /* Main.storyboard in Resources */ = {isa = PBXBuildFile; fileRef = 94D798BB1EC1D753004067A2 /* Main.storyboard */; };
		94D798BF1EC1D753004067A2 /* Assets.xcassets in Resources */ = {isa = PBXBuildFile; fileRef = 94D798BE1EC1D753004067A2 /* Assets.xcassets */; };
		94D798C21EC1D753004067A2 /* LaunchScreen.storyboard in Resources */ = {isa = PBXBuildFile; fileRef = 94D798C01EC1D753004067A2 /* LaunchScreen.storyboard */; };
		94D798CA1EC1D7B4004067A2 /* NamespaceProtocol.swift in Sources */ = {isa = PBXBuildFile; fileRef = 94D798C91EC1D7B4004067A2 /* NamespaceProtocol.swift */; };
		94D798CC1EC1D86D004067A2 /* StringExtension.swift in Sources */ = {isa = PBXBuildFile; fileRef = 94D798CB1EC1D86D004067A2 /* StringExtension.swift */; };
		94D798D21EC1D891004067A2 /* UIColorExtension.swift in Sources */ = {isa = PBXBuildFile; fileRef = 94D798D11EC1D891004067A2 /* UIColorExtension.swift */; };
/* End PBXBuildFile section */

/* Begin PBXFileReference section */
		94D798B41EC1D753004067A2 /* NamespaceDemo.app */ = {isa = PBXFileReference; explicitFileType = wrapper.application; includeInIndex = 0; path = NamespaceDemo.app; sourceTree = BUILT_PRODUCTS_DIR; };
		94D798B71EC1D753004067A2 /* AppDelegate.swift */ = {isa = PBXFileReference; lastKnownFileType = sourcecode.swift; path = AppDelegate.swift; sourceTree = "<group>"; };
		94D798B91EC1D753004067A2 /* ViewController.swift */ = {isa = PBXFileReference; lastKnownFileType = sourcecode.swift; path = ViewController.swift; sourceTree = "<group>"; };
		94D798BC1EC1D753004067A2 /* Base */ = {isa = PBXFileReference; lastKnownFileType = file.storyboard; name = Base; path = Base.lproj/Main.storyboard; sourceTree = "<group>"; };
		94D798BE1EC1D753004067A2 /* Assets.xcassets */ = {isa = PBXFileReference; lastKnownFileType = folder.assetcatalog; path = Assets.xcassets; sourceTree = "<group>"; };
		94D798C11EC1D753004067A2 /* Base */ = {isa = PBXFileReference; lastKnownFileType = file.storyboard; name = Base; path = Base.lproj/LaunchScreen.storyboard; sourceTree = "<group>"; };
		94D798C31EC1D753004067A2 /* Info.plist */ = {isa = PBXFileReference; lastKnownFileType = text.plist.xml; path = Info.plist; sourceTree = "<group>"; };
		94D798C91EC1D7B4004067A2 /* NamespaceProtocol.swift */ = {isa = PBXFileReference; fileEncoding = 4; lastKnownFileType = sourcecode.swift; path = NamespaceProtocol.swift; sourceTree = "<group>"; };
		94D798CB1EC1D86D004067A2 /* StringExtension.swift */ = {isa = PBXFileReference; fileEncoding = 4; lastKnownFileType = sourcecode.swift; path = StringExtension.swift; sourceTree = "<group>"; };
		94D798D11EC1D891004067A2 /* UIColorExtension.swift */ = {isa = PBXFileReference; fileEncoding = 4; lastKnownFileType = sourcecode.swift; path = UIColorExtension.swift; sourceTree = "<group>"; };
/* End PBXFileReference section */

/* Begin PBXFrameworksBuildPhase section */
		94D798B11EC1D753004067A2 /* Frameworks */ = {
			isa = PBXFrameworksBuildPhase;
			buildActionMask = 2147483647;
			files = (
			);
			runOnlyForDeploymentPostprocessing = 0;
		};
/* End PBXFrameworksBuildPhase section */

/* Begin PBXGroup section */
		94D798AB1EC1D753004067A2 = {
			isa = PBXGroup;
			children = (
				94D798B61EC1D753004067A2 /* NamespaceDemo */,
				94D798B51EC1D753004067A2 /* Products */,
			);
			sourceTree = "<group>";
		};
		94D798B51EC1D753004067A2 /* Products */ = {
			isa = PBXGroup;
			children = (
				94D798B41EC1D753004067A2 /* NamespaceDemo.app */,
			);
			name = Products;
			sourceTree = "<group>";
		};
		94D798B61EC1D753004067A2 /* NamespaceDemo */ = {
			isa = PBXGroup;
			children = (
				94D798D31EC1D89F004067A2 /* Extension */,
				94D798B71EC1D753004067A2 /* AppDelegate.swift */,
				94D798B91EC1D753004067A2 /* ViewController.swift */,
				94D798BB1EC1D753004067A2 /* Main.storyboard */,
				94D798BE1EC1D753004067A2 /* Assets.xcassets */,
				94D798C01EC1D753004067A2 /* LaunchScreen.storyboard */,
				94D798C31EC1D753004067A2 /* Info.plist */,
			);
			path = NamespaceDemo;
			sourceTree = "<group>";
		};
		94D798D31EC1D89F004067A2 /* Extension */ = {
			isa = PBXGroup;
			children = (
				94D798C91EC1D7B4004067A2 /* NamespaceProtocol.swift */,
				94D798D11EC1D891004067A2 /* UIColorExtension.swift */,
				94D798CB1EC1D86D004067A2 /* StringExtension.swift */,
			);
			name = Extension;
			sourceTree = "<group>";
		};
/* End PBXGroup section */

/* Begin PBXNativeTarget section */
		94D798B31EC1D753004067A2 /* NamespaceDemo */ = {
			isa = PBXNativeTarget;
			buildConfigurationList = 94D798C61EC1D753004067A2 /* Build configuration list for PBXNativeTarget "NamespaceDemo" */;
			buildPhases = (
				94D798B01EC1D753004067A2 /* Sources */,
				94D798B11EC1D753004067A2 /* Frameworks */,
				94D798B21EC1D753004067A2 /* Resources */,
			);
			buildRules = (
			);
			dependencies = (
			);
			name = NamespaceDemo;
			productName = NamespaceDemo;
			productReference = 94D798B41EC1D753004067A2 /* NamespaceDemo.app */;
			productType = "com.apple.product-type.application";
		};
/* End PBXNativeTarget section */

/* Begin PBXProject section */
		94D798AC1EC1D753004067A2 /* Project object */ = {
			isa = PBXProject;
			attributes = {
				LastSwiftUpdateCheck = 0830;
				LastUpgradeCheck = 0830;
				ORGANIZATIONNAME = JiongXing;
				TargetAttributes = {
					94D798B31EC1D753004067A2 = {
						CreatedOnToolsVersion = 8.3.2;
						ProvisioningStyle = Automatic;
					};
				};
			};
			buildConfigurationList = 94D798AF1EC1D753004067A2 /* Build configuration list for PBXProject "NamespaceDemo" */;
			compatibilityVersion = "Xcode 3.2";
			developmentRegion = English;
			hasScannedForEncodings = 0;
			knownRegions = (
				en,
				Base,
			);
			mainGroup = 94D798AB1EC1D753004067A2;
			productRefGroup = 94D798B51EC1D753004067A2 /* Products */;
			projectDirPath = "";
			projectRoot = "";
			targets = (
				94D798B31EC1D753004067A2 /* NamespaceDemo */,
			);
		};
/* End PBXProject section */

/* Begin PBXResourcesBuildPhase section */
		94D798B21EC1D753004067A2 /* Resources */ = {
			isa = PBXResourcesBuildPhase;
			buildActionMask = 2147483647;
			files = (
				94D798C21EC1D753004067A2 /* LaunchScreen.storyboard in Resources */,
				94D798BF1EC1D753004067A2 /* Assets.xcassets in Resources */,
				94D798BD1EC1D753004067A2 /* Main.storyboard in Resources */,
			);
			runOnlyForDeploymentPostprocessing = 0;
		};
/* End PBXResourcesBuildPhase section */

/* Begin PBXSourcesBuildPhase section */
		94D798B01EC1D753004067A2 /* Sources */ = {
			isa = PBXSourcesBuildPhase;
			buildActionMask = 2147483647;
			files = (
				94D798CC1EC1D86D004067A2 /* StringExtension.swift in Sources */,
				94D798CA1EC1D7B4004067A2 /* NamespaceProtocol.swift in Sources */,
				94D798D21EC1D891004067A2 /* UIColorExtension.swift in Sources */,
				94D798BA1EC1D753004067A2 /* ViewController.swift in Sources */,
				94D798B81EC1D753004067A2 /* AppDelegate.swift in Sources */,
			);
			runOnlyForDeploymentPostprocessing = 0;
		};
/* End PBXSourcesBuildPhase section */

/* Begin PBXVariantGroup section */
		94D798BB1EC1D753004067A2 /* Main.storyboard */ = {
			isa = PBXVariantGroup;
			children = (
				94D798BC1EC1D753004067A2 /* Base */,
			);
			name = Main.storyboard;
			sourceTree = "<group>";
		};
		94D798C01EC1D753004067A2 /* LaunchScreen.storyboard */ = {
			isa = PBXVariantGroup;
			children = (
				94D798C11EC1D753004067A2 /* Base */,
			);
			name = LaunchScreen.storyboard;
			sourceTree = "<group>";
		};
/* End PBXVariantGroup section */

/* Begin XCBuildConfiguration section */
		94D798C41EC1D753004067A2 /* Debug */ = {
			isa = XCBuildConfiguration;
			buildSettings = {
				ALWAYS_SEARCH_USER_PATHS = NO;
				CLANG_ANALYZER_NONNULL = YES;
				CLANG_ANALYZER_NUMBER_OBJECT_CONVERSION = YES_AGGRESSIVE;
				CLANG_CXX_LANGUAGE_STANDARD = "gnu++0x";
				CLANG_CXX_LIBRARY = "libc++";
				CLANG_ENABLE_MODULES = YES;
				CLANG_ENABLE_OBJC_ARC = YES;
				CLANG_WARN_BOOL_CONVERSION = YES;
				CLANG_WARN_CONSTANT_CONVERSION = YES;
				CLANG_WARN_DIRECT_OBJC_ISA_USAGE = YES_ERROR;
				CLANG_WARN_DOCUMENTATION_COMMENTS = YES;
				CLANG_WARN_EMPTY_BODY = YES;
				CLANG_WARN_ENUM_CONVERSION = YES;
				CLANG_WARN_INFINITE_RECURSION = YES;
				CLANG_WARN_INT_CONVERSION = YES;
				CLANG_WARN_OBJC_ROOT_CLASS = YES_ERROR;
				CLANG_WARN_SUSPICIOUS_MOVE = YES;
				CLANG_WARN_UNREACHABLE_CODE = YES;
				CLANG_WARN__DUPLICATE_METHOD_MATCH = YES;
				"CODE_SIGN_IDENTITY[sdk=iphoneos*]" = "iPhone Developer";
				COPY_PHASE_STRIP = NO;
				DEBUG_INFORMATION_FORMAT = dwarf;
				ENABLE_STRICT_OBJC_MSGSEND = YES;
				ENABLE_TESTABILITY = YES;
				GCC_C_LANGUAGE_STANDARD = gnu99;
				GCC_DYNAMIC_NO_PIC = NO;
				GCC_NO_COMMON_BLOCKS = YES;
				GCC_OPTIMIZATION_LEVEL = 0;
				GCC_PREPROCESSOR_DEFINITIONS = (
					"DEBUG=1",
					"$(inherited)",
				);
				GCC_WARN_64_TO_32_BIT_CONVERSION = YES;
				GCC_WARN_ABOUT_RETURN_TYPE = YES_ERROR;
				GCC_WARN_UNDECLARED_SELECTOR = YES;
				GCC_WARN_UNINITIALIZED_AUTOS = YES_AGGRESSIVE;
				GCC_WARN_UNUSED_FUNCTION = YES;
				GCC_WARN_UNUSED_VARIABLE = YES;
				IPHONEOS_DEPLOYMENT_TARGET = 10.3;
				MTL_ENABLE_DEBUG_INFO = YES;
				ONLY_ACTIVE_ARCH = YES;
				SDKROOT = iphoneos;
				SWIFT_ACTIVE_COMPILATION_CONDITIONS = DEBUG;
				SWIFT_OPTIMIZATION_LEVEL = "-Onone";
			};
			name = Debug;
		};
		94D798C51EC1D753004067A2 /* Release */ = {
			isa = XCBuildConfiguration;
			buildSettings = {
				ALWAYS_SEARCH_USER_PATHS = NO;
				CLANG_ANALYZER_NONNULL = YES;
				CLANG_ANALYZER_NUMBER_OBJECT_CONVERSION = YES_AGGRESSIVE;
				CLANG_CXX_LANGUAGE_STANDARD = "gnu++0x";
				CLANG_CXX_LIBRARY = "libc++";
				CLANG_ENABLE_MODULES = YES;
				CLANG_ENABLE_OBJC_ARC = YES;
				CLANG_WARN_BOOL_CONVERSION = YES;
				CLANG_WARN_CONSTANT_CONVERSION = YES;
				CLANG_WARN_DIRECT_OBJC_ISA_USAGE = YES_ERROR;
				CLANG_WARN_DOCUMENTATION_COMMENTS = YES;
				CLANG_WARN_EMPTY_BODY = YES;
				CLANG_WARN_ENUM_CONVERSION = YES;
				CLANG_WARN_INFINITE_RECURSION = YES;
				CLANG_WARN_INT_CONVERSION = YES;
				CLANG_WARN_OBJC_ROOT_CLASS = YES_ERROR;
				CLANG_WARN_SUSPICIOUS_MOVE = YES;
				CLANG_WARN_UNREACHABLE_CODE = YES;
				CLANG_WARN__DUPLICATE_METHOD_MATCH = YES;
				"CODE_SIGN_IDENTITY[sdk=iphoneos*]" = "iPhone Developer";
				COPY_PHASE_STRIP = NO;
				DEBUG_INFORMATION_FORMAT = "dwarf-with-dsym";
				ENABLE_NS_ASSERTIONS = NO;
				ENABLE_STRICT_OBJC_MSGSEND = YES;
				GCC_C_LANGUAGE_STANDARD = gnu99;
				GCC_NO_COMMON_BLOCKS = YES;
				GCC_WARN_64_TO_32_BIT_CONVERSION = YES;
				GCC_WARN_ABOUT_RETURN_TYPE = YES_ERROR;
				GCC_WARN_UNDECLARED_SELECTOR = YES;
				GCC_WARN_UNINITIALIZED_AUTOS = YES_AGGRESSIVE;
				GCC_WARN_UNUSED_FUNCTION = YES;
				GCC_WARN_UNUSED_VARIABLE = YES;
				IPHONEOS_DEPLOYMENT_TARGET = 10.3;
				MTL_ENABLE_DEBUG_INFO = NO;
				SDKROOT = iphoneos;
				SWIFT_OPTIMIZATION_LEVEL = "-Owholemodule";
				VALIDATE_PRODUCT = YES;
			};
			name = Release;
		};
		94D798C71EC1D753004067A2 /* Debug */ = {
			isa = XCBuildConfiguration;
			buildSettings = {
				ASSETCATALOG_COMPILER_APPICON_NAME = AppIcon;
				INFOPLIST_FILE = NamespaceDemo/Info.plist;
				LD_RUNPATH_SEARCH_PATHS = "$(inherited) @executable_path/Frameworks";
				PRODUCT_BUNDLE_IDENTIFIER = com.ljx.NamespaceDemo;
				PRODUCT_NAME = "$(TARGET_NAME)";
				SWIFT_VERSION = 3.0;
			};
			name = Debug;
		};
		94D798C81EC1D753004067A2 /* Release */ = {
			isa = XCBuildConfiguration;
			buildSettings = {
				ASSETCATALOG_COMPILER_APPICON_NAME = AppIcon;
				INFOPLIST_FILE = NamespaceDemo/Info.plist;
				LD_RUNPATH_SEARCH_PATHS = "$(inherited) @executable_path/Frameworks";
				PRODUCT_BUNDLE_IDENTIFIER = com.ljx.NamespaceDemo;
				PRODUCT_NAME = "$(TARGET_NAME)";
				SWIFT_VERSION = 3.0;
			};
			name = Release;
		};
/* End XCBuildConfiguration section */

/* Begin XCConfigurationList section */
		94D798AF1EC1D753004067A2 /* Build configuration list for PBXProject "NamespaceDemo" */ = {
			isa = XCConfigurationList;
			buildConfigurations = (
				94D798C41EC1D753004067A2 /* Debug */,
				94D798C51EC1D753004067A2 /* Release */,
			);
			defaultConfigurationIsVisible = 0;
			defaultConfigurationName = Release;
		};
		94D798C61EC1D753004067A2 /* Build configuration list for PBXNativeTarget "NamespaceDemo" */ = {
			isa = XCConfigurationList;
			buildConfigurations = (
				94D798C71EC1D753004067A2 /* Debug */,
				94D798C81EC1D753004067A2 /* Release */,
			);
			defaultConfigurationIsVisible = 0;
		};
/* End XCConfigurationList section */
	};
	rootObject = 94D798AC1EC1D753004067A2 /* Project object */;
}
